
Microsoft Visual Studio Solution File, Format Version 12.00
# Visual Studio Version 17
VisualStudioVersion = 17.8.34330.188
MinimumVisualStudioVersion = 10.0.40219.1
Project("{9A19103F-16F7-4668-BE54-9A1E7A4F7556}") = "KonjickiKlubCS", "KonjickiKlubCS\KonjickiKlubCS.csproj", "{F2AA6DDC-B8CB-4159-92A0-0C87CD23B1FF}"
EndProject
Project("{FAE04EC0-301F-11D3-BF4B-00C04F79EFBC}") = "KonjickiKlubWA", "KonjickiKlubWA\KonjickiKlubWA.csproj", "{B3ACAB48-76A4-488B-8434-0665E4B77698}"
EndProject
Global
	GlobalSection(SolutionConfigurationPlatforms) = preSolution
		Debug|Any CPU = Debug|Any CPU
		Release|Any CPU = Release|Any CPU
	EndGlobalSection
	GlobalSection(ProjectConfigurationPlatforms) = postSolution
		{F2AA6DDC-B8CB-4159-92A0-0C87CD23B1FF}.Debug|Any CPU.ActiveCfg = Debug|Any CPU
		{F2AA6DDC-B8CB-4159-92A0-0C87CD23B1FF}.Debug|Any CPU.Build.0 = Debug|Any CPU
		{F2AA6DDC-B8CB-4159-92A0-0C87CD23B1FF}.Release|Any CPU.ActiveCfg = Release|Any CPU
		{F2AA6DDC-B8CB-4159-92A0-0C87CD23B1FF}.Release|Any CPU.Build.0 = Release|Any CPU
		{B3ACAB48-76A4-488B-8434-0665E4B77698}.Debug|Any CPU.ActiveCfg = Debug|Any CPU
		{B3ACAB48-76A4-488B-8434-0665E4B77698}.Debug|Any CPU.Build.0 = Debug|Any CPU
		{B3ACAB48-76A4-488B-8434-0665E4B77698}.Release|Any CPU.ActiveCfg = Release|Any CPU
		{B3ACAB48-76A4-488B-8434-0665E4B77698}.Release|Any CPU.Build.0 = Release|Any CPU
	EndGlobalSection
	GlobalSection(SolutionProperties) = preSolution
		HideSolutionNode = FALSE
	EndGlobalSection
	GlobalSection(ExtensibilityGlobals) = postSolution
		SolutionGuid = {81D4CB83-DC78-4F39-B35E-221CC201155D}
	EndGlobalSection
EndGlobal
